
Microsoft Visual Studio Solution File, Format Version 12.00
# Visual Studio 14
VisualStudioVersion = 14.0.25123.0
MinimumVisualStudioVersion = 10.0.40219.1
Project("{FAE04EC0-301F-11D3-BF4B-00C04F79EFBC}") = "TransformationCore", "TransformationCore.csproj", "{EE3C4F3C-C316-4A17-9730-6280D948C2DA}"
EndProject
Project("{FAE04EC0-301F-11D3-BF4B-00C04F79EFBC}") = "CSVReader", "..\CSVReader\CSVReader.csproj", "{6269EBA8-C98C-42EC-BFF4-B0E1F8D9E53C}"
EndProject
Project("{FAE04EC0-301F-11D3-BF4B-00C04F79EFBC}") = "TransformationRunner", "..\TransformationRunner\TransformationRunner.csproj", "{B64D5360-CF21-41FC-AF36-83E9D1FB6A21}"
EndProject
Project("{FAE04EC0-301F-11D3-BF4B-00C04F79EFBC}") = "SPWriter", "..\SPWriter\SPWriter.csproj", "{660F27BD-AA75-4369-B542-C648E2A7626E}"
EndProject
Project("{FAE04EC0-301F-11D3-BF4B-00C04F79EFBC}") = "SQLBulkLoader", "..\SQLBulkLoader\SQLBulkLoader.csproj", "{4B4A19CA-B3B6-4ABF-BBD8-8349CEBD5878}"
EndProject
Project("{FAE04EC0-301F-11D3-BF4B-00C04F79EFBC}") = "ReaderTest", "..\ReaderTest\ReaderTest.csproj", "{D7916078-EB90-4804-94DF-5E7705830F6A}"
EndProject
Project("{FAE04EC0-301F-11D3-BF4B-00C04F79EFBC}") = "PipeTest", "..\PipeTest\PipeTest.csproj", "{C9850F69-E475-4A10-AC70-BE6AACCD3F72}"
EndProject
Project("{FAE04EC0-301F-11D3-BF4B-00C04F79EFBC}") = "TransformationLoadTest", "..\TransformationLoadTest\TransformationLoadTest.csproj", "{6F81C9D6-8852-475C-BF48-104237355AB3}"
EndProject
Project("{FAE04EC0-301F-11D3-BF4B-00C04F79EFBC}") = "EmailValidator", "EmailValidator\EmailValidator.csproj", "{47CE0DB7-C295-4554-BD00-A4E7EC64B867}"
EndProject
Global
	GlobalSection(SolutionConfigurationPlatforms) = preSolution
		Debug|Any CPU = Debug|Any CPU
		Release|Any CPU = Release|Any CPU
	EndGlobalSection
	GlobalSection(ProjectConfigurationPlatforms) = postSolution
		{EE3C4F3C-C316-4A17-9730-6280D948C2DA}.Debug|Any CPU.ActiveCfg = Debug|Any CPU
		{EE3C4F3C-C316-4A17-9730-6280D948C2DA}.Debug|Any CPU.Build.0 = Debug|Any CPU
		{EE3C4F3C-C316-4A17-9730-6280D948C2DA}.Release|Any CPU.ActiveCfg = Release|Any CPU
		{EE3C4F3C-C316-4A17-9730-6280D948C2DA}.Release|Any CPU.Build.0 = Release|Any CPU
		{6269EBA8-C98C-42EC-BFF4-B0E1F8D9E53C}.Debug|Any CPU.ActiveCfg = Debug|Any CPU
		{6269EBA8-C98C-42EC-BFF4-B0E1F8D9E53C}.Debug|Any CPU.Build.0 = Debug|Any CPU
		{6269EBA8-C98C-42EC-BFF4-B0E1F8D9E53C}.Release|Any CPU.ActiveCfg = Release|Any CPU
		{6269EBA8-C98C-42EC-BFF4-B0E1F8D9E53C}.Release|Any CPU.Build.0 = Release|Any CPU
		{B64D5360-CF21-41FC-AF36-83E9D1FB6A21}.Debug|Any CPU.ActiveCfg = Debug|Any CPU
		{B64D5360-CF21-41FC-AF36-83E9D1FB6A21}.Debug|Any CPU.Build.0 = Debug|Any CPU
		{B64D5360-CF21-41FC-AF36-83E9D1FB6A21}.Release|Any CPU.ActiveCfg = Release|Any CPU
		{B64D5360-CF21-41FC-AF36-83E9D1FB6A21}.Release|Any CPU.Build.0 = Release|Any CPU
		{660F27BD-AA75-4369-B542-C648E2A7626E}.Debug|Any CPU.ActiveCfg = Debug|Any CPU
		{660F27BD-AA75-4369-B542-C648E2A7626E}.Debug|Any CPU.Build.0 = Debug|Any CPU
		{660F27BD-AA75-4369-B542-C648E2A7626E}.Release|Any CPU.ActiveCfg = Release|Any CPU
		{660F27BD-AA75-4369-B542-C648E2A7626E}.Release|Any CPU.Build.0 = Release|Any CPU
		{4B4A19CA-B3B6-4ABF-BBD8-8349CEBD5878}.Debug|Any CPU.ActiveCfg = Debug|Any CPU
		{4B4A19CA-B3B6-4ABF-BBD8-8349CEBD5878}.Debug|Any CPU.Build.0 = Debug|Any CPU
		{4B4A19CA-B3B6-4ABF-BBD8-8349CEBD5878}.Release|Any CPU.ActiveCfg = Release|Any CPU
		{4B4A19CA-B3B6-4ABF-BBD8-8349CEBD5878}.Release|Any CPU.Build.0 = Release|Any CPU
		{D7916078-EB90-4804-94DF-5E7705830F6A}.Debug|Any CPU.ActiveCfg = Debug|Any CPU
		{D7916078-EB90-4804-94DF-5E7705830F6A}.Debug|Any CPU.Build.0 = Debug|Any CPU
		{D7916078-EB90-4804-94DF-5E7705830F6A}.Release|Any CPU.ActiveCfg = Release|Any CPU
		{D7916078-EB90-4804-94DF-5E7705830F6A}.Release|Any CPU.Build.0 = Release|Any CPU
		{C9850F69-E475-4A10-AC70-BE6AACCD3F72}.Debug|Any CPU.ActiveCfg = Debug|Any CPU
		{C9850F69-E475-4A10-AC70-BE6AACCD3F72}.Debug|Any CPU.Build.0 = Debug|Any CPU
		{C9850F69-E475-4A10-AC70-BE6AACCD3F72}.Release|Any CPU.ActiveCfg = Release|Any CPU
		{C9850F69-E475-4A10-AC70-BE6AACCD3F72}.Release|Any CPU.Build.0 = Release|Any CPU
		{6F81C9D6-8852-475C-BF48-104237355AB3}.Debug|Any CPU.ActiveCfg = Debug|Any CPU
		{6F81C9D6-8852-475C-BF48-104237355AB3}.Debug|Any CPU.Build.0 = Debug|Any CPU
		{6F81C9D6-8852-475C-BF48-104237355AB3}.Release|Any CPU.ActiveCfg = Release|Any CPU
		{6F81C9D6-8852-475C-BF48-104237355AB3}.Release|Any CPU.Build.0 = Release|Any CPU
		{47CE0DB7-C295-4554-BD00-A4E7EC64B867}.Debug|Any CPU.ActiveCfg = Debug|Any CPU
		{47CE0DB7-C295-4554-BD00-A4E7EC64B867}.Debug|Any CPU.Build.0 = Debug|Any CPU
		{47CE0DB7-C295-4554-BD00-A4E7EC64B867}.Release|Any CPU.ActiveCfg = Release|Any CPU
		{47CE0DB7-C295-4554-BD00-A4E7EC64B867}.Release|Any CPU.Build.0 = Release|Any CPU
	EndGlobalSection
	GlobalSection(SolutionProperties) = preSolution
		HideSolutionNode = FALSE
	EndGlobalSection
EndGlobal
